PODS:
  - device_id (0.0.1):
    - Flutter
  - Flutter (1.0.0)

DEPENDENCIES:
  - device_id (from `.symlinks/plugins/device_id/ios`)
  - Flutter (from `Flutter`)

EXTERNAL SOURCES:
  device_id:
    :path: ".symlinks/plugins/device_id/ios"
  Flutter:
    :path: Flutter

SPEC CHECKSUMS:
  device_id: 7d0cef6847d171c079992bd6aa3690a9c978aedc
  Flutter: 50d75fe2f02b26cc09d224853bb45737f8b3214a

PODFILE CHECKSUM: aafe91acc616949ddb318b77800a7f51bffa2a4c

COCOAPODS: 1.10.1
